
Microsoft Visual Studio Solution File, Format Version 12.00
# Visual Studio Version 16
VisualStudioVersion = 16.0.29503.13
MinimumVisualStudioVersion = 10.0.40219.1
Project("{FAE04EC0-301F-11D3-BF4B-00C04F79EFBC}") = "AppXamarinCrud.Android", "AppXamarinCrud\AppXamarinCrud.Android\AppXamarinCrud.Android.csproj", "{5C36E1F1-6D02-4416-A5B0-896A5987E113}"
EndProject
Project("{FAE04EC0-301F-11D3-BF4B-00C04F79EFBC}") = "AppXamarinCrud.iOS", "AppXamarinCrud\AppXamarinCrud.iOS\AppXamarinCrud.iOS.csproj", "{B69E096F-C52B-4988-98BE-1DBD0A360BA9}"
EndProject
Project("{FAE04EC0-301F-11D3-BF4B-00C04F79EFBC}") = "AppXamarinCrud", "AppXamarinCrud\AppXamarinCrud\AppXamarinCrud.csproj", "{B7DF15F7-A0AF-44D8-9CA9-3AC34E0F6DEA}"
EndProject
Global
	GlobalSection(SolutionConfigurationPlatforms) = preSolution
		Debug|Any CPU = Debug|Any CPU
		Debug|iPhone = Debug|iPhone
		Debug|iPhoneSimulator = Debug|iPhoneSimulator
		Release|Any CPU = Release|Any CPU
		Release|iPhone = Release|iPhone
		Release|iPhoneSimulator = Release|iPhoneSimulator
	EndGlobalSection
	GlobalSection(ProjectConfigurationPlatforms) = postSolution
		{5C36E1F1-6D02-4416-A5B0-896A5987E113}.Debug|Any CPU.ActiveCfg = Debug|Any CPU
		{5C36E1F1-6D02-4416-A5B0-896A5987E113}.Debug|Any CPU.Build.0 = Debug|Any CPU
		{5C36E1F1-6D02-4416-A5B0-896A5987E113}.Debug|Any CPU.Deploy.0 = Debug|Any CPU
		{5C36E1F1-6D02-4416-A5B0-896A5987E113}.Debug|iPhone.ActiveCfg = Debug|Any CPU
		{5C36E1F1-6D02-4416-A5B0-896A5987E113}.Debug|iPhone.Build.0 = Debug|Any CPU
		{5C36E1F1-6D02-4416-A5B0-896A5987E113}.Debug|iPhone.Deploy.0 = Debug|Any CPU
		{5C36E1F1-6D02-4416-A5B0-896A5987E113}.Debug|iPhoneSimulator.ActiveCfg = Debug|Any CPU
		{5C36E1F1-6D02-4416-A5B0-896A5987E113}.Debug|iPhoneSimulator.Build.0 = Debug|Any CPU
		{5C36E1F1-6D02-4416-A5B0-896A5987E113}.Debug|iPhoneSimulator.Deploy.0 = Debug|Any CPU
		{5C36E1F1-6D02-4416-A5B0-896A5987E113}.Release|Any CPU.ActiveCfg = Release|Any CPU
		{5C36E1F1-6D02-4416-A5B0-896A5987E113}.Release|Any CPU.Build.0 = Release|Any CPU
		{5C36E1F1-6D02-4416-A5B0-896A5987E113}.Release|Any CPU.Deploy.0 = Release|Any CPU
		{5C36E1F1-6D02-4416-A5B0-896A5987E113}.Release|iPhone.ActiveCfg = Release|Any CPU
		{5C36E1F1-6D02-4416-A5B0-896A5987E113}.Release|iPhone.Build.0 = Release|Any CPU
		{5C36E1F1-6D02-4416-A5B0-896A5987E113}.Release|iPhone.Deploy.0 = Release|Any CPU
		{5C36E1F1-6D02-4416-A5B0-896A5987E113}.Release|iPhoneSimulator.ActiveCfg = Release|Any CPU
		{5C36E1F1-6D02-4416-A5B0-896A5987E113}.Release|iPhoneSimulator.Build.0 = Release|Any CPU
		{5C36E1F1-6D02-4416-A5B0-896A5987E113}.Release|iPhoneSimulator.Deploy.0 = Release|Any CPU
		{B69E096F-C52B-4988-98BE-1DBD0A360BA9}.Debug|Any CPU.ActiveCfg = Debug|iPhoneSimulator
		{B69E096F-C52B-4988-98BE-1DBD0A360BA9}.Debug|Any CPU.Build.0 = Debug|iPhoneSimulator
		{B69E096F-C52B-4988-98BE-1DBD0A360BA9}.Debug|Any CPU.Deploy.0 = Debug|iPhoneSimulator
		{B69E096F-C52B-4988-98BE-1DBD0A360BA9}.Debug|iPhone.ActiveCfg = Debug|iPhone
		{B69E096F-C52B-4988-98BE-1DBD0A360BA9}.Debug|iPhone.Build.0 = Debug|iPhone
		{B69E096F-C52B-4988-98BE-1DBD0A360BA9}.Debug|iPhone.Deploy.0 = Debug|iPhone
		{B69E096F-C52B-4988-98BE-1DBD0A360BA9}.Debug|iPhoneSimulator.ActiveCfg = Debug|iPhoneSimulator
		{B69E096F-C52B-4988-98BE-1DBD0A360BA9}.Debug|iPhoneSimulator.Build.0 = Debug|iPhoneSimulator
		{B69E096F-C52B-4988-98BE-1DBD0A360BA9}.Debug|iPhoneSimulator.Deploy.0 = Debug|iPhoneSimulator
		{B69E096F-C52B-4988-98BE-1DBD0A360BA9}.Release|Any CPU.ActiveCfg = Release|iPhone
		{B69E096F-C52B-4988-98BE-1DBD0A360BA9}.Release|Any CPU.Build.0 = Release|iPhone
		{B69E096F-C52B-4988-98BE-1DBD0A360BA9}.Release|Any CPU.Deploy.0 = Release|iPhone
		{B69E096F-C52B-4988-98BE-1DBD0A360BA9}.Release|iPhone.ActiveCfg = Release|iPhone
		{B69E096F-C52B-4988-98BE-1DBD0A360BA9}.Release|iPhone.Build.0 = Release|iPhone
		{B69E096F-C52B-4988-98BE-1DBD0A360BA9}.Release|iPhone.Deploy.0 = Release|iPhone
		{B69E096F-C52B-4988-98BE-1DBD0A360BA9}.Release|iPhoneSimulator.ActiveCfg = Release|iPhoneSimulator
		{B69E096F-C52B-4988-98BE-1DBD0A360BA9}.Release|iPhoneSimulator.Build.0 = Release|iPhoneSimulator
		{B69E096F-C52B-4988-98BE-1DBD0A360BA9}.Release|iPhoneSimulator.Deploy.0 = Release|iPhoneSimulator
		{B7DF15F7-A0AF-44D8-9CA9-3AC34E0F6DEA}.Debug|Any CPU.ActiveCfg = Debug|Any CPU
		{B7DF15F7-A0AF-44D8-9CA9-3AC34E0F6DEA}.Debug|Any CPU.Build.0 = Debug|Any CPU
		{B7DF15F7-A0AF-44D8-9CA9-3AC34E0F6DEA}.Debug|Any CPU.Deploy.0 = Debug|Any CPU
		{B7DF15F7-A0AF-44D8-9CA9-3AC34E0F6DEA}.Debug|iPhone.ActiveCfg = Debug|Any CPU
		{B7DF15F7-A0AF-44D8-9CA9-3AC34E0F6DEA}.Debug|iPhone.Build.0 = Debug|Any CPU
		{B7DF15F7-A0AF-44D8-9CA9-3AC34E0F6DEA}.Debug|iPhone.Deploy.0 = Debug|Any CPU
		{B7DF15F7-A0AF-44D8-9CA9-3AC34E0F6DEA}.Debug|iPhoneSimulator.ActiveCfg = Debug|Any CPU
		{B7DF15F7-A0AF-44D8-9CA9-3AC34E0F6DEA}.Debug|iPhoneSimulator.Build.0 = Debug|Any CPU
		{B7DF15F7-A0AF-44D8-9CA9-3AC34E0F6DEA}.Debug|iPhoneSimulator.Deploy.0 = Debug|Any CPU
		{B7DF15F7-A0AF-44D8-9CA9-3AC34E0F6DEA}.Release|Any CPU.ActiveCfg = Release|Any CPU
		{B7DF15F7-A0AF-44D8-9CA9-3AC34E0F6DEA}.Release|Any CPU.Build.0 = Release|Any CPU
		{B7DF15F7-A0AF-44D8-9CA9-3AC34E0F6DEA}.Release|Any CPU.Deploy.0 = Release|Any CPU
		{B7DF15F7-A0AF-44D8-9CA9-3AC34E0F6DEA}.Release|iPhone.ActiveCfg = Release|Any CPU
		{B7DF15F7-A0AF-44D8-9CA9-3AC34E0F6DEA}.Release|iPhone.Build.0 = Release|Any CPU
		{B7DF15F7-A0AF-44D8-9CA9-3AC34E0F6DEA}.Release|iPhone.Deploy.0 = Release|Any CPU
		{B7DF15F7-A0AF-44D8-9CA9-3AC34E0F6DEA}.Release|iPhoneSimulator.ActiveCfg = Release|Any CPU
		{B7DF15F7-A0AF-44D8-9CA9-3AC34E0F6DEA}.Release|iPhoneSimulator.Build.0 = Release|Any CPU
		{B7DF15F7-A0AF-44D8-9CA9-3AC34E0F6DEA}.Release|iPhoneSimulator.Deploy.0 = Release|Any CPU
	EndGlobalSection
	GlobalSection(SolutionProperties) = preSolution
		HideSolutionNode = FALSE
	EndGlobalSection
	GlobalSection(ExtensibilityGlobals) = postSolution
		SolutionGuid = {577DD13D-AB12-4355-988E-3CE463B38776}
	EndGlobalSection
EndGlobal
