
Microsoft Visual Studio Solution File, Format Version 12.00
# Visual Studio Version 16
VisualStudioVersion = 16.0.29230.47
MinimumVisualStudioVersion = 10.0.40219.1
Project("{FAE04EC0-301F-11D3-BF4B-00C04F79EFBC}") = "MVVM.Android", "MVVM\MVVM.Android\MVVM.Android.csproj", "{3D8F51D5-2FF9-47BB-A4CB-76F5C6D6F9A5}"
EndProject
Project("{FAE04EC0-301F-11D3-BF4B-00C04F79EFBC}") = "MVVM.iOS", "MVVM\MVVM.iOS\MVVM.iOS.csproj", "{1ECE5395-5A17-4752-B2C8-B0B6C67C5BDE}"
EndProject
Project("{9A19103F-16F7-4668-BE54-9A1E7A4F7556}") = "MVVM", "MVVM\MVVM\MVVM.csproj", "{04453B23-0034-48FE-90C2-2CEF6749DB29}"
EndProject
Global
	GlobalSection(SolutionConfigurationPlatforms) = preSolution
		Debug|Any CPU = Debug|Any CPU
		Debug|ARM = Debug|ARM
		Debug|ARM64 = Debug|ARM64
		Debug|iPhone = Debug|iPhone
		Debug|iPhoneSimulator = Debug|iPhoneSimulator
		Debug|x64 = Debug|x64
		Debug|x86 = Debug|x86
		Release|Any CPU = Release|Any CPU
		Release|ARM = Release|ARM
		Release|ARM64 = Release|ARM64
		Release|iPhone = Release|iPhone
		Release|iPhoneSimulator = Release|iPhoneSimulator
		Release|x64 = Release|x64
		Release|x86 = Release|x86
	EndGlobalSection
	GlobalSection(ProjectConfigurationPlatforms) = postSolution
		{3D8F51D5-2FF9-47BB-A4CB-76F5C6D6F9A5}.Debug|Any CPU.ActiveCfg = Debug|Any CPU
		{3D8F51D5-2FF9-47BB-A4CB-76F5C6D6F9A5}.Debug|Any CPU.Build.0 = Debug|Any CPU
		{3D8F51D5-2FF9-47BB-A4CB-76F5C6D6F9A5}.Debug|Any CPU.Deploy.0 = Debug|Any CPU
		{3D8F51D5-2FF9-47BB-A4CB-76F5C6D6F9A5}.Debug|ARM.ActiveCfg = Debug|Any CPU
		{3D8F51D5-2FF9-47BB-A4CB-76F5C6D6F9A5}.Debug|ARM.Build.0 = Debug|Any CPU
		{3D8F51D5-2FF9-47BB-A4CB-76F5C6D6F9A5}.Debug|ARM.Deploy.0 = Debug|Any CPU
		{3D8F51D5-2FF9-47BB-A4CB-76F5C6D6F9A5}.Debug|ARM64.ActiveCfg = Debug|Any CPU
		{3D8F51D5-2FF9-47BB-A4CB-76F5C6D6F9A5}.Debug|ARM64.Build.0 = Debug|Any CPU
		{3D8F51D5-2FF9-47BB-A4CB-76F5C6D6F9A5}.Debug|ARM64.Deploy.0 = Debug|Any CPU
		{3D8F51D5-2FF9-47BB-A4CB-76F5C6D6F9A5}.Debug|iPhone.ActiveCfg = Debug|Any CPU
		{3D8F51D5-2FF9-47BB-A4CB-76F5C6D6F9A5}.Debug|iPhone.Build.0 = Debug|Any CPU
		{3D8F51D5-2FF9-47BB-A4CB-76F5C6D6F9A5}.Debug|iPhone.Deploy.0 = Debug|Any CPU
		{3D8F51D5-2FF9-47BB-A4CB-76F5C6D6F9A5}.Debug|iPhoneSimulator.ActiveCfg = Debug|Any CPU
		{3D8F51D5-2FF9-47BB-A4CB-76F5C6D6F9A5}.Debug|iPhoneSimulator.Build.0 = Debug|Any CPU
		{3D8F51D5-2FF9-47BB-A4CB-76F5C6D6F9A5}.Debug|iPhoneSimulator.Deploy.0 = Debug|Any CPU
		{3D8F51D5-2FF9-47BB-A4CB-76F5C6D6F9A5}.Debug|x64.ActiveCfg = Debug|Any CPU
		{3D8F51D5-2FF9-47BB-A4CB-76F5C6D6F9A5}.Debug|x64.Build.0 = Debug|Any CPU
		{3D8F51D5-2FF9-47BB-A4CB-76F5C6D6F9A5}.Debug|x64.Deploy.0 = Debug|Any CPU
		{3D8F51D5-2FF9-47BB-A4CB-76F5C6D6F9A5}.Debug|x86.ActiveCfg = Debug|Any CPU
		{3D8F51D5-2FF9-47BB-A4CB-76F5C6D6F9A5}.Debug|x86.Build.0 = Debug|Any CPU
		{3D8F51D5-2FF9-47BB-A4CB-76F5C6D6F9A5}.Debug|x86.Deploy.0 = Debug|Any CPU
		{3D8F51D5-2FF9-47BB-A4CB-76F5C6D6F9A5}.Release|Any CPU.ActiveCfg = Release|Any CPU
		{3D8F51D5-2FF9-47BB-A4CB-76F5C6D6F9A5}.Release|Any CPU.Build.0 = Release|Any CPU
		{3D8F51D5-2FF9-47BB-A4CB-76F5C6D6F9A5}.Release|Any CPU.Deploy.0 = Release|Any CPU
		{3D8F51D5-2FF9-47BB-A4CB-76F5C6D6F9A5}.Release|ARM.ActiveCfg = Release|Any CPU
		{3D8F51D5-2FF9-47BB-A4CB-76F5C6D6F9A5}.Release|ARM.Build.0 = Release|Any CPU
		{3D8F51D5-2FF9-47BB-A4CB-76F5C6D6F9A5}.Release|ARM.Deploy.0 = Release|Any CPU
		{3D8F51D5-2FF9-47BB-A4CB-76F5C6D6F9A5}.Release|ARM64.ActiveCfg = Release|Any CPU
		{3D8F51D5-2FF9-47BB-A4CB-76F5C6D6F9A5}.Release|ARM64.Build.0 = Release|Any CPU
		{3D8F51D5-2FF9-47BB-A4CB-76F5C6D6F9A5}.Release|ARM64.Deploy.0 = Release|Any CPU
		{3D8F51D5-2FF9-47BB-A4CB-76F5C6D6F9A5}.Release|iPhone.ActiveCfg = Release|Any CPU
		{3D8F51D5-2FF9-47BB-A4CB-76F5C6D6F9A5}.Release|iPhone.Build.0 = Release|Any CPU
		{3D8F51D5-2FF9-47BB-A4CB-76F5C6D6F9A5}.Release|iPhone.Deploy.0 = Release|Any CPU
		{3D8F51D5-2FF9-47BB-A4CB-76F5C6D6F9A5}.Release|iPhoneSimulator.ActiveCfg = Release|Any CPU
		{3D8F51D5-2FF9-47BB-A4CB-76F5C6D6F9A5}.Release|iPhoneSimulator.Build.0 = Release|Any CPU
		{3D8F51D5-2FF9-47BB-A4CB-76F5C6D6F9A5}.Release|iPhoneSimulator.Deploy.0 = Release|Any CPU
		{3D8F51D5-2FF9-47BB-A4CB-76F5C6D6F9A5}.Release|x64.ActiveCfg = Release|Any CPU
		{3D8F51D5-2FF9-47BB-A4CB-76F5C6D6F9A5}.Release|x64.Build.0 = Release|Any CPU
		{3D8F51D5-2FF9-47BB-A4CB-76F5C6D6F9A5}.Release|x64.Deploy.0 = Release|Any CPU
		{3D8F51D5-2FF9-47BB-A4CB-76F5C6D6F9A5}.Release|x86.ActiveCfg = Release|Any CPU
		{3D8F51D5-2FF9-47BB-A4CB-76F5C6D6F9A5}.Release|x86.Build.0 = Release|Any CPU
		{3D8F51D5-2FF9-47BB-A4CB-76F5C6D6F9A5}.Release|x86.Deploy.0 = Release|Any CPU
		{1ECE5395-5A17-4752-B2C8-B0B6C67C5BDE}.Debug|Any CPU.ActiveCfg = Debug|iPhoneSimulator
		{1ECE5395-5A17-4752-B2C8-B0B6C67C5BDE}.Debug|Any CPU.Build.0 = Debug|iPhoneSimulator
		{1ECE5395-5A17-4752-B2C8-B0B6C67C5BDE}.Debug|Any CPU.Deploy.0 = Debug|iPhoneSimulator
		{1ECE5395-5A17-4752-B2C8-B0B6C67C5BDE}.Debug|ARM.ActiveCfg = Debug|iPhone
		{1ECE5395-5A17-4752-B2C8-B0B6C67C5BDE}.Debug|ARM64.ActiveCfg = Debug|iPhone
		{1ECE5395-5A17-4752-B2C8-B0B6C67C5BDE}.Debug|iPhone.ActiveCfg = Debug|iPhone
		{1ECE5395-5A17-4752-B2C8-B0B6C67C5BDE}.Debug|iPhone.Build.0 = Debug|iPhone
		{1ECE5395-5A17-4752-B2C8-B0B6C67C5BDE}.Debug|iPhone.Deploy.0 = Debug|iPhone
		{1ECE5395-5A17-4752-B2C8-B0B6C67C5BDE}.Debug|iPhoneSimulator.ActiveCfg = Debug|iPhoneSimulator
		{1ECE5395-5A17-4752-B2C8-B0B6C67C5BDE}.Debug|iPhoneSimulator.Build.0 = Debug|iPhoneSimulator
		{1ECE5395-5A17-4752-B2C8-B0B6C67C5BDE}.Debug|iPhoneSimulator.Deploy.0 = Debug|iPhoneSimulator
		{1ECE5395-5A17-4752-B2C8-B0B6C67C5BDE}.Debug|x64.ActiveCfg = Debug|iPhone
		{1ECE5395-5A17-4752-B2C8-B0B6C67C5BDE}.Debug|x86.ActiveCfg = Debug|iPhone
		{1ECE5395-5A17-4752-B2C8-B0B6C67C5BDE}.Release|Any CPU.ActiveCfg = Release|iPhone
		{1ECE5395-5A17-4752-B2C8-B0B6C67C5BDE}.Release|Any CPU.Build.0 = Release|iPhone
		{1ECE5395-5A17-4752-B2C8-B0B6C67C5BDE}.Release|Any CPU.Deploy.0 = Release|iPhone
		{1ECE5395-5A17-4752-B2C8-B0B6C67C5BDE}.Release|ARM.ActiveCfg = Release|iPhoneSimulator
		{1ECE5395-5A17-4752-B2C8-B0B6C67C5BDE}.Release|ARM64.ActiveCfg = Release|iPhoneSimulator
		{1ECE5395-5A17-4752-B2C8-B0B6C67C5BDE}.Release|iPhone.ActiveCfg = Release|iPhone
		{1ECE5395-5A17-4752-B2C8-B0B6C67C5BDE}.Release|iPhone.Build.0 = Release|iPhone
		{1ECE5395-5A17-4752-B2C8-B0B6C67C5BDE}.Release|iPhone.Deploy.0 = Release|iPhone
		{1ECE5395-5A17-4752-B2C8-B0B6C67C5BDE}.Release|iPhoneSimulator.ActiveCfg = Release|iPhoneSimulator
		{1ECE5395-5A17-4752-B2C8-B0B6C67C5BDE}.Release|iPhoneSimulator.Build.0 = Release|iPhoneSimulator
		{1ECE5395-5A17-4752-B2C8-B0B6C67C5BDE}.Release|iPhoneSimulator.Deploy.0 = Release|iPhoneSimulator
		{1ECE5395-5A17-4752-B2C8-B0B6C67C5BDE}.Release|x64.ActiveCfg = Release|iPhoneSimulator
		{1ECE5395-5A17-4752-B2C8-B0B6C67C5BDE}.Release|x86.ActiveCfg = Release|iPhoneSimulator
		{04453B23-0034-48FE-90C2-2CEF6749DB29}.Debug|Any CPU.ActiveCfg = Debug|Any CPU
		{04453B23-0034-48FE-90C2-2CEF6749DB29}.Debug|Any CPU.Build.0 = Debug|Any CPU
		{04453B23-0034-48FE-90C2-2CEF6749DB29}.Debug|Any CPU.Deploy.0 = Debug|Any CPU
		{04453B23-0034-48FE-90C2-2CEF6749DB29}.Debug|ARM.ActiveCfg = Debug|Any CPU
		{04453B23-0034-48FE-90C2-2CEF6749DB29}.Debug|ARM.Build.0 = Debug|Any CPU
		{04453B23-0034-48FE-90C2-2CEF6749DB29}.Debug|ARM64.ActiveCfg = Debug|Any CPU
		{04453B23-0034-48FE-90C2-2CEF6749DB29}.Debug|ARM64.Build.0 = Debug|Any CPU
		{04453B23-0034-48FE-90C2-2CEF6749DB29}.Debug|iPhone.ActiveCfg = Debug|Any CPU
		{04453B23-0034-48FE-90C2-2CEF6749DB29}.Debug|iPhone.Build.0 = Debug|Any CPU
		{04453B23-0034-48FE-90C2-2CEF6749DB29}.Debug|iPhone.Deploy.0 = Debug|Any CPU
		{04453B23-0034-48FE-90C2-2CEF6749DB29}.Debug|iPhoneSimulator.ActiveCfg = Debug|Any CPU
		{04453B23-0034-48FE-90C2-2CEF6749DB29}.Debug|iPhoneSimulator.Build.0 = Debug|Any CPU
		{04453B23-0034-48FE-90C2-2CEF6749DB29}.Debug|iPhoneSimulator.Deploy.0 = Debug|Any CPU
		{04453B23-0034-48FE-90C2-2CEF6749DB29}.Debug|x64.ActiveCfg = Debug|Any CPU
		{04453B23-0034-48FE-90C2-2CEF6749DB29}.Debug|x64.Build.0 = Debug|Any CPU
		{04453B23-0034-48FE-90C2-2CEF6749DB29}.Debug|x86.ActiveCfg = Debug|Any CPU
		{04453B23-0034-48FE-90C2-2CEF6749DB29}.Debug|x86.Build.0 = Debug|Any CPU
		{04453B23-0034-48FE-90C2-2CEF6749DB29}.Release|Any CPU.ActiveCfg = Release|Any CPU
		{04453B23-0034-48FE-90C2-2CEF6749DB29}.Release|Any CPU.Build.0 = Release|Any CPU
		{04453B23-0034-48FE-90C2-2CEF6749DB29}.Release|Any CPU.Deploy.0 = Release|Any CPU
		{04453B23-0034-48FE-90C2-2CEF6749DB29}.Release|ARM.ActiveCfg = Release|Any CPU
		{04453B23-0034-48FE-90C2-2CEF6749DB29}.Release|ARM.Build.0 = Release|Any CPU
		{04453B23-0034-48FE-90C2-2CEF6749DB29}.Release|ARM64.ActiveCfg = Release|Any CPU
		{04453B23-0034-48FE-90C2-2CEF6749DB29}.Release|ARM64.Build.0 = Release|Any CPU
		{04453B23-0034-48FE-90C2-2CEF6749DB29}.Release|iPhone.ActiveCfg = Release|Any CPU
		{04453B23-0034-48FE-90C2-2CEF6749DB29}.Release|iPhone.Build.0 = Release|Any CPU
		{04453B23-0034-48FE-90C2-2CEF6749DB29}.Release|iPhone.Deploy.0 = Release|Any CPU
		{04453B23-0034-48FE-90C2-2CEF6749DB29}.Release|iPhoneSimulator.ActiveCfg = Release|Any CPU
		{04453B23-0034-48FE-90C2-2CEF6749DB29}.Release|iPhoneSimulator.Build.0 = Release|Any CPU
		{04453B23-0034-48FE-90C2-2CEF6749DB29}.Release|iPhoneSimulator.Deploy.0 = Release|Any CPU
		{04453B23-0034-48FE-90C2-2CEF6749DB29}.Release|x64.ActiveCfg = Release|Any CPU
		{04453B23-0034-48FE-90C2-2CEF6749DB29}.Release|x64.Build.0 = Release|Any CPU
		{04453B23-0034-48FE-90C2-2CEF6749DB29}.Release|x86.ActiveCfg = Release|Any CPU
		{04453B23-0034-48FE-90C2-2CEF6749DB29}.Release|x86.Build.0 = Release|Any CPU
	EndGlobalSection
	GlobalSection(SolutionProperties) = preSolution
		HideSolutionNode = FALSE
	EndGlobalSection
	GlobalSection(ExtensibilityGlobals) = postSolution
		SolutionGuid = {A22601EE-8BF4-4342-A93A-EF80D8158462}
	EndGlobalSection
EndGlobal
